
Microsoft Visual Studio Solution File, Format Version 12.00
# Visual Studio 15
VisualStudioVersion = 15.0.28307.1913
MinimumVisualStudioVersion = 10.0.40219.1
Project("{2150E333-8FDC-42A3-9474-1A3956D46DE8}") = "task3", "task3", "{C6218D0C-15D8-4F59-BAB2-337DAC9DE9AE}"
EndProject
Project("{FAE04EC0-301F-11D3-BF4B-00C04F79EFBC}") = "task3", "task3\task3.csproj", "{A89761C9-126B-40FE-8802-57ABE1A30EE3}"
EndProject
Project("{2150E333-8FDC-42A3-9474-1A3956D46DE8}") = "task4", "task4", "{2713244A-07B2-4E16-A209-6ACE9D306C99}"
EndProject
Project("{FAE04EC0-301F-11D3-BF4B-00C04F79EFBC}") = "task4", "task4\task4.csproj", "{A009564D-C859-4F0E-AD33-EB319F86CA11}"
EndProject
Project("{2150E333-8FDC-42A3-9474-1A3956D46DE8}") = "task5", "task5", "{3D390B7D-2DAE-4C7E-B585-D1CE0D52838D}"
EndProject
Project("{FAE04EC0-301F-11D3-BF4B-00C04F79EFBC}") = "task5", "task5\task5.csproj", "{C02AC6C8-28E3-4A9D-88F9-F03D191503F0}"
EndProject
Project("{2150E333-8FDC-42A3-9474-1A3956D46DE8}") = "task6-7", "task6-7", "{A3715BC9-5374-470C-BEE2-3A8905AF44D0}"
EndProject
Project("{FAE04EC0-301F-11D3-BF4B-00C04F79EFBC}") = "task6-7", "task6-7\task6-7.csproj", "{43E674C0-3656-4FE6-B166-4908C994EEA7}"
EndProject
Global
	GlobalSection(SolutionConfigurationPlatforms) = preSolution
		Debug|Any CPU = Debug|Any CPU
		Release|Any CPU = Release|Any CPU
	EndGlobalSection
	GlobalSection(ProjectConfigurationPlatforms) = postSolution
		{A89761C9-126B-40FE-8802-57ABE1A30EE3}.Debug|Any CPU.ActiveCfg = Debug|Any CPU
		{A89761C9-126B-40FE-8802-57ABE1A30EE3}.Debug|Any CPU.Build.0 = Debug|Any CPU
		{A89761C9-126B-40FE-8802-57ABE1A30EE3}.Release|Any CPU.ActiveCfg = Release|Any CPU
		{A89761C9-126B-40FE-8802-57ABE1A30EE3}.Release|Any CPU.Build.0 = Release|Any CPU
		{A009564D-C859-4F0E-AD33-EB319F86CA11}.Debug|Any CPU.ActiveCfg = Debug|Any CPU
		{A009564D-C859-4F0E-AD33-EB319F86CA11}.Debug|Any CPU.Build.0 = Debug|Any CPU
		{A009564D-C859-4F0E-AD33-EB319F86CA11}.Release|Any CPU.ActiveCfg = Release|Any CPU
		{A009564D-C859-4F0E-AD33-EB319F86CA11}.Release|Any CPU.Build.0 = Release|Any CPU
		{C02AC6C8-28E3-4A9D-88F9-F03D191503F0}.Debug|Any CPU.ActiveCfg = Debug|Any CPU
		{C02AC6C8-28E3-4A9D-88F9-F03D191503F0}.Debug|Any CPU.Build.0 = Debug|Any CPU
		{C02AC6C8-28E3-4A9D-88F9-F03D191503F0}.Release|Any CPU.ActiveCfg = Release|Any CPU
		{C02AC6C8-28E3-4A9D-88F9-F03D191503F0}.Release|Any CPU.Build.0 = Release|Any CPU
		{43E674C0-3656-4FE6-B166-4908C994EEA7}.Debug|Any CPU.ActiveCfg = Debug|Any CPU
		{43E674C0-3656-4FE6-B166-4908C994EEA7}.Debug|Any CPU.Build.0 = Debug|Any CPU
		{43E674C0-3656-4FE6-B166-4908C994EEA7}.Release|Any CPU.ActiveCfg = Release|Any CPU
		{43E674C0-3656-4FE6-B166-4908C994EEA7}.Release|Any CPU.Build.0 = Release|Any CPU
	EndGlobalSection
	GlobalSection(SolutionProperties) = preSolution
		HideSolutionNode = FALSE
	EndGlobalSection
	GlobalSection(NestedProjects) = preSolution
		{A89761C9-126B-40FE-8802-57ABE1A30EE3} = {C6218D0C-15D8-4F59-BAB2-337DAC9DE9AE}
		{A009564D-C859-4F0E-AD33-EB319F86CA11} = {2713244A-07B2-4E16-A209-6ACE9D306C99}
		{C02AC6C8-28E3-4A9D-88F9-F03D191503F0} = {3D390B7D-2DAE-4C7E-B585-D1CE0D52838D}
		{43E674C0-3656-4FE6-B166-4908C994EEA7} = {A3715BC9-5374-470C-BEE2-3A8905AF44D0}
	EndGlobalSection
	GlobalSection(ExtensibilityGlobals) = postSolution
		SolutionGuid = {7813243C-8BDD-4600-85A2-118B437F663D}
	EndGlobalSection
EndGlobal
